
Microsoft Visual Studio Solution File, Format Version 12.00
# Visual Studio Version 17
VisualStudioVersion = 17.0.31903.59
MinimumVisualStudioVersion = 10.0.40219.1
Project("{FAE04EC0-301F-11D3-BF4B-00C04F79EFBC}") = "Sample", "Sample\Sample.csproj", "{EE876272-53FF-4B73-BFC0-B3AECB23CD31}"
EndProject
Project("{FAE04EC0-301F-11D3-BF4B-00C04F79EFBC}") = "Sample.Unit.Tests", "Sample.Unit.Tests\Sample.Unit.Tests.csproj", "{A8E859D8-F457-4AE7-9DF3-990EA8A946CE}"
EndProject
Global
	GlobalSection(SolutionConfigurationPlatforms) = preSolution
		Debug|Any CPU = Debug|Any CPU
		Debug|x64 = Debug|x64
		Debug|x86 = Debug|x86
		Release|Any CPU = Release|Any CPU
		Release|x64 = Release|x64
		Release|x86 = Release|x86
	EndGlobalSection
	GlobalSection(ProjectConfigurationPlatforms) = postSolution
		{EE876272-53FF-4B73-BFC0-B3AECB23CD31}.Debug|Any CPU.ActiveCfg = Debug|Any CPU
		{EE876272-53FF-4B73-BFC0-B3AECB23CD31}.Debug|Any CPU.Build.0 = Debug|Any CPU
		{EE876272-53FF-4B73-BFC0-B3AECB23CD31}.Debug|x64.ActiveCfg = Debug|Any CPU
		{EE876272-53FF-4B73-BFC0-B3AECB23CD31}.Debug|x64.Build.0 = Debug|Any CPU
		{EE876272-53FF-4B73-BFC0-B3AECB23CD31}.Debug|x86.ActiveCfg = Debug|Any CPU
		{EE876272-53FF-4B73-BFC0-B3AECB23CD31}.Debug|x86.Build.0 = Debug|Any CPU
		{EE876272-53FF-4B73-BFC0-B3AECB23CD31}.Release|Any CPU.ActiveCfg = Release|Any CPU
		{EE876272-53FF-4B73-BFC0-B3AECB23CD31}.Release|Any CPU.Build.0 = Release|Any CPU
		{EE876272-53FF-4B73-BFC0-B3AECB23CD31}.Release|x64.ActiveCfg = Release|Any CPU
		{EE876272-53FF-4B73-BFC0-B3AECB23CD31}.Release|x64.Build.0 = Release|Any CPU
		{EE876272-53FF-4B73-BFC0-B3AECB23CD31}.Release|x86.ActiveCfg = Release|Any CPU
		{EE876272-53FF-4B73-BFC0-B3AECB23CD31}.Release|x86.Build.0 = Release|Any CPU
		{A8E859D8-F457-4AE7-9DF3-990EA8A946CE}.Debug|Any CPU.ActiveCfg = Debug|Any CPU
		{A8E859D8-F457-4AE7-9DF3-990EA8A946CE}.Debug|Any CPU.Build.0 = Debug|Any CPU
		{A8E859D8-F457-4AE7-9DF3-990EA8A946CE}.Debug|x64.ActiveCfg = Debug|Any CPU
		{A8E859D8-F457-4AE7-9DF3-990EA8A946CE}.Debug|x64.Build.0 = Debug|Any CPU
		{A8E859D8-F457-4AE7-9DF3-990EA8A946CE}.Debug|x86.ActiveCfg = Debug|Any CPU
		{A8E859D8-F457-4AE7-9DF3-990EA8A946CE}.Debug|x86.Build.0 = Debug|Any CPU
		{A8E859D8-F457-4AE7-9DF3-990EA8A946CE}.Release|Any CPU.ActiveCfg = Release|Any CPU
		{A8E859D8-F457-4AE7-9DF3-990EA8A946CE}.Release|Any CPU.Build.0 = Release|Any CPU
		{A8E859D8-F457-4AE7-9DF3-990EA8A946CE}.Release|x64.ActiveCfg = Release|Any CPU
		{A8E859D8-F457-4AE7-9DF3-990EA8A946CE}.Release|x64.Build.0 = Release|Any CPU
		{A8E859D8-F457-4AE7-9DF3-990EA8A946CE}.Release|x86.ActiveCfg = Release|Any CPU
		{A8E859D8-F457-4AE7-9DF3-990EA8A946CE}.Release|x86.Build.0 = Release|Any CPU
	EndGlobalSection
	GlobalSection(SolutionProperties) = preSolution
		HideSolutionNode = FALSE
	EndGlobalSection
EndGlobal
